
Microsoft Visual Studio Solution File, Format Version 12.00
# Visual Studio Version 17
VisualStudioVersion = 17.6.33829.357
MinimumVisualStudioVersion = 10.0.40219.1
Project("{FAE04EC0-301F-11D3-BF4B-00C04F79EFBC}") = "SwitchCase2", "SwitchCase2\SwitchCase2.csproj", "{BCC0FA74-234B-49AC-9E89-7A66B2778903}"
EndProject
Global
	GlobalSection(SolutionConfigurationPlatforms) = preSolution
		Debug|Any CPU = Debug|Any CPU
		Release|Any CPU = Release|Any CPU
	EndGlobalSection
	GlobalSection(ProjectConfigurationPlatforms) = postSolution
		{BCC0FA74-234B-49AC-9E89-7A66B2778903}.Debug|Any CPU.ActiveCfg = Debug|Any CPU
		{BCC0FA74-234B-49AC-9E89-7A66B2778903}.Debug|Any CPU.Build.0 = Debug|Any CPU
		{BCC0FA74-234B-49AC-9E89-7A66B2778903}.Release|Any CPU.ActiveCfg = Release|Any CPU
		{BCC0FA74-234B-49AC-9E89-7A66B2778903}.Release|Any CPU.Build.0 = Release|Any CPU
	EndGlobalSection
	GlobalSection(SolutionProperties) = preSolution
		HideSolutionNode = FALSE
	EndGlobalSection
	GlobalSection(ExtensibilityGlobals) = postSolution
		SolutionGuid = {4E986C0A-99AA-472D-BD0C-E0E69A9D27F8}
	EndGlobalSection
EndGlobal
